
Microsoft Visual Studio Solution File, Format Version 12.00
# Visual Studio Version 16
VisualStudioVersion = 16.0.32002.261
MinimumVisualStudioVersion = 10.0.40219.1
Project("{FAE04EC0-301F-11D3-BF4B-00C04F79EFBC}") = "Invert Binary Tree", "Invert Binary Tree\Invert Binary Tree.csproj", "{194F4D8F-9CF6-44B8-B789-C08F62338F74}"
EndProject
Global
	GlobalSection(SolutionConfigurationPlatforms) = preSolution
		Debug|Any CPU = Debug|Any CPU
		Release|Any CPU = Release|Any CPU
	EndGlobalSection
	GlobalSection(ProjectConfigurationPlatforms) = postSolution
		{194F4D8F-9CF6-44B8-B789-C08F62338F74}.Debug|Any CPU.ActiveCfg = Debug|Any CPU
		{194F4D8F-9CF6-44B8-B789-C08F62338F74}.Debug|Any CPU.Build.0 = Debug|Any CPU
		{194F4D8F-9CF6-44B8-B789-C08F62338F74}.Release|Any CPU.ActiveCfg = Release|Any CPU
		{194F4D8F-9CF6-44B8-B789-C08F62338F74}.Release|Any CPU.Build.0 = Release|Any CPU
	EndGlobalSection
	GlobalSection(SolutionProperties) = preSolution
		HideSolutionNode = FALSE
	EndGlobalSection
	GlobalSection(ExtensibilityGlobals) = postSolution
		SolutionGuid = {29C54B1E-E726-49BB-8F30-B7DB381FBC32}
	EndGlobalSection
EndGlobal
